
Microsoft Visual Studio Solution File, Format Version 12.00
# Visual Studio 14
VisualStudioVersion = 14.0.23107.0
MinimumVisualStudioVersion = 10.0.40219.1
Project("{FAE04EC0-301F-11D3-BF4B-00C04F79EFBC}") = "ChimaLibSample", "ChimaLibSample\ChimaLibSample.csproj", "{26721621-3A93-4682-A720-27F7AEADA802}"
EndProject
Project("{FAE04EC0-301F-11D3-BF4B-00C04F79EFBC}") = "ChimaLib", "ChimaLib\ChimaLib\ChimaLib.csproj", "{A3D0D51F-5183-4EB7-83AF-B6FC5D423999}"
EndProject
Global
	GlobalSection(SolutionConfigurationPlatforms) = preSolution
		Debug|Any CPU = Debug|Any CPU
		Release|Any CPU = Release|Any CPU
	EndGlobalSection
	GlobalSection(ProjectConfigurationPlatforms) = postSolution
		{26721621-3A93-4682-A720-27F7AEADA802}.Debug|Any CPU.ActiveCfg = Debug|Any CPU
		{26721621-3A93-4682-A720-27F7AEADA802}.Debug|Any CPU.Build.0 = Debug|Any CPU
		{26721621-3A93-4682-A720-27F7AEADA802}.Release|Any CPU.ActiveCfg = Release|Any CPU
		{26721621-3A93-4682-A720-27F7AEADA802}.Release|Any CPU.Build.0 = Release|Any CPU
		{A3D0D51F-5183-4EB7-83AF-B6FC5D423999}.Debug|Any CPU.ActiveCfg = Debug|Any CPU
		{A3D0D51F-5183-4EB7-83AF-B6FC5D423999}.Debug|Any CPU.Build.0 = Debug|Any CPU
		{A3D0D51F-5183-4EB7-83AF-B6FC5D423999}.Release|Any CPU.ActiveCfg = Release|Any CPU
		{A3D0D51F-5183-4EB7-83AF-B6FC5D423999}.Release|Any CPU.Build.0 = Release|Any CPU
	EndGlobalSection
	GlobalSection(SolutionProperties) = preSolution
		HideSolutionNode = FALSE
	EndGlobalSection
EndGlobal
